<?xml version="1.0" encoding="utf-8"?>
<Project ToolsVersion="4.0" xmlns="http://schemas.microsoft.com/developer/msbuild/2003">
  <ItemGroup>
    <Filter Include="Source Files">
      <UniqueIdentifier>{4FC737F1-C7A5-4376-A066-2A32D752A2FF}</UniqueIdentifier>
      <Extensions>cpp;c;cxx;def;odl;idl;hpj;bat;asm;asmx</Extensions>
    </Filter>
    <Filter Include="Source Files\Win32 specific">
      <UniqueIdentifier>{53782a4c-78f2-416a-994a-bee7fe568b09}</UniqueIdentifier>
    </Filter>
    <Filter Include="Header Files">
      <UniqueIdentifier>{93995380-89BD-4b04-88EB-625FBE52EBFB}</UniqueIdentifier>
      <Extensions>h;hpp;hxx;hm;inl;inc;xsd</Extensions>
    </Filter>
    <Filter Include="Resource Files">
      <UniqueIdentifier>{67DA6AB6-F800-4c08-8B7A-83BB121AAD01}</UniqueIdentifier>
      <Extensions>rc;ico;cur;bmp;dlg;rc2;rct;bin;rgs;gif;jpg;jpeg;jpe;resx</Extensions>
    </Filter>
    <Filter Include="Win32 Header Files">
      <UniqueIdentifier>{6af18473-0523-4c6c-be50-5a5708a45bd3}</UniqueIdentifier>
    </Filter>
  </ItemGroup>
  <ItemGroup>
    <ClCompile Include="..\frpc.cc">
      <Filter>Source Files</Filter>
    </ClCompile>
    <ClCompile Include="..\frpcarray.cc">
      <Filter>Source Files</Filter>
    </ClCompile>
    <ClCompile Include="..\frpcbinary.cc">
      <Filter>Source Files</Filter>
    </ClCompile>
    <ClCompile Include="..\frpcbinmarshaller.cc">
      <Filter>Source Files</Filter>
    </ClCompile>
    <ClCompile Include="..\frpcbinunmarshaller.cc">
      <Filter>Source Files</Filter>
    </ClCompile>
    <ClCompile Include="..\frpcbool.cc">
      <Filter>Source Files</Filter>
    </ClCompile>
    <ClCompile Include="..\frpcdatabuilder.cc">
      <Filter>Source Files</Filter>
    </ClCompile>
    <ClCompile Include="..\frpcdatetime.cc">
      <Filter>Source Files</Filter>
    </ClCompile>
    <ClCompile Include="..\frpcdouble.cc">
      <Filter>Source Files</Filter>
    </ClCompile>
    <ClCompile Include="..\frpcencodingerror.cc">
      <Filter>Source Files</Filter>
    </ClCompile>
    <ClCompile Include="..\frpcerror.cc">
      <Filter>Source Files</Filter>
    </ClCompile>
    <ClCompile Include="..\frpcfault.cc">
      <Filter>Source Files</Filter>
    </ClCompile>
    <ClCompile Include="..\frpchttp.cc">
      <Filter>Source Files</Filter>
    </ClCompile>
    <ClCompile Include="..\frpchttpclient.cc">
      <Filter>Source Files</Filter>
    </ClCompile>
    <ClCompile Include="..\frpchttperror.cc">
      <Filter>Source Files</Filter>
    </ClCompile>
    <ClCompile Include="..\frpchttpio.cc">
      <Filter>Source Files</Filter>
    </ClCompile>
    <ClCompile Include="..\frpcindexerror.cc">
      <Filter>Source Files</Filter>
    </ClCompile>
    <ClCompile Include="..\frpcint.cc">
      <Filter>Source Files</Filter>
    </ClCompile>
    <ClCompile Include="..\frpckeyerror.cc">
      <Filter>Source Files</Filter>
    </ClCompile>
    <ClCompile Include="..\frpclenerror.cc">
      <Filter>Source Files</Filter>
    </ClCompile>
    <ClCompile Include="..\frpcmarshaller.cc">
      <Filter>Source Files</Filter>
    </ClCompile>
    <ClCompile Include="..\frpcmethodregistry.cc">
      <Filter>Source Files</Filter>
    </ClCompile>
    <ClCompile Include="..\frpcpool.cc">
      <Filter>Source Files</Filter>
    </ClCompile>
    <ClCompile Include="..\frpcprotocolerror.cc">
      <Filter>Source Files</Filter>
    </ClCompile>
    <ClCompile Include="..\frpcresponseerror.cc">
      <Filter>Source Files</Filter>
    </ClCompile>
    <ClCompile Include="..\frpcserver.cc">
      <Filter>Source Files</Filter>
    </ClCompile>
    <ClCompile Include="..\frpcserverproxy.cc">
      <Filter>Source Files</Filter>
    </ClCompile>
    <ClCompile Include="..\frpcstreamerror.cc">
      <Filter>Source Files</Filter>
    </ClCompile>
    <ClCompile Include="..\frpcstring.cc">
      <Filter>Source Files</Filter>
    </ClCompile>
    <ClCompile Include="..\frpcstruct.cc">
      <Filter>Source Files</Filter>
    </ClCompile>
    <ClCompile Include="..\frpctreebuilder.cc">
      <Filter>Source Files</Filter>
    </ClCompile>
    <ClCompile Include="..\frpctreefeeder.cc">
      <Filter>Source Files</Filter>
    </ClCompile>
    <ClCompile Include="..\frpctypeerror.cc">
      <Filter>Source Files</Filter>
    </ClCompile>
    <ClCompile Include="..\frpcunmarshaller.cc">
      <Filter>Source Files</Filter>
    </ClCompile>
    <ClCompile Include="..\frpcvalue.cc">
      <Filter>Source Files</Filter>
    </ClCompile>
    <ClCompile Include="..\frpcwriter.cc">
      <Filter>Source Files</Filter>
    </ClCompile>
    <ClCompile Include="..\frpcxmlmarshaller.cc">
      <Filter>Source Files</Filter>
    </ClCompile>
    <ClCompile Include="..\frpcxmlunmarshaller.cc">
      <Filter>Source Files</Filter>
    </ClCompile>
    <ClCompile Include="stdafx.cpp">
      <Filter>Source Files\Win32 specific</Filter>
    </ClCompile>
    <ClCompile Include="WinsockError.cpp">
      <Filter>Source Files\Win32 specific</Filter>
    </ClCompile>
  </ItemGroup>
  <ItemGroup>
    <ClInclude Include="..\frpc.h">
      <Filter>Header Files</Filter>
    </ClInclude>
    <ClInclude Include="..\frpcarray.h">
      <Filter>Header Files</Filter>
    </ClInclude>
    <ClInclude Include="..\frpcbinary.h">
      <Filter>Header Files</Filter>
    </ClInclude>
    <ClInclude Include="..\frpcbinmarshaller.h">
      <Filter>Header Files</Filter>
    </ClInclude>
    <ClInclude Include="..\frpcbinunmarshaller.h">
      <Filter>Header Files</Filter>
    </ClInclude>
    <ClInclude Include="..\frpcbool.h">
      <Filter>Header Files</Filter>
    </ClInclude>
    <ClInclude Include="..\frpcdatabuilder.h">
      <Filter>Header Files</Filter>
    </ClInclude>
    <ClInclude Include="..\frpcdatetime.h">
      <Filter>Header Files</Filter>
    </ClInclude>
    <ClInclude Include="..\frpcdefaultmethod.h">
      <Filter>Header Files</Filter>
    </ClInclude>
    <ClInclude Include="..\frpcdouble.h">
      <Filter>Header Files</Filter>
    </ClInclude>
    <ClInclude Include="..\frpcencodingerror.h">
      <Filter>Header Files</Filter>
    </ClInclude>
    <ClInclude Include="..\frpcerror.h">
      <Filter>Header Files</Filter>
    </ClInclude>
    <ClInclude Include="..\frpcfault.h">
      <Filter>Header Files</Filter>
    </ClInclude>
    <ClInclude Include="..\frpchttp.h">
      <Filter>Header Files</Filter>
    </ClInclude>
    <ClInclude Include="..\frpchttpclient.h">
      <Filter>Header Files</Filter>
    </ClInclude>
    <ClInclude Include="..\frpchttperror.h">
      <Filter>Header Files</Filter>
    </ClInclude>
    <ClInclude Include="..\frpchttpio.h">
      <Filter>Header Files</Filter>
    </ClInclude>
    <ClInclude Include="..\frpcindexerror.h">
      <Filter>Header Files</Filter>
    </ClInclude>
    <ClInclude Include="..\frpcint.h">
      <Filter>Header Files</Filter>
    </ClInclude>
    <ClInclude Include="..\frpcinternals.h">
      <Filter>Header Files</Filter>
    </ClInclude>
    <ClInclude Include="..\frpckeyerror.h">
      <Filter>Header Files</Filter>
    </ClInclude>
    <ClInclude Include="..\frpclenerror.h">
      <Filter>Header Files</Filter>
    </ClInclude>
    <ClInclude Include="..\frpcmarshaller.h">
      <Filter>Header Files</Filter>
    </ClInclude>
    <ClInclude Include="..\frpcmethod.h">
      <Filter>Header Files</Filter>
    </ClInclude>
    <ClInclude Include="..\frpcmethodregistry.h">
      <Filter>Header Files</Filter>
    </ClInclude>
    <ClInclude Include="..\frpcplatform.h">
      <Filter>Header Files</Filter>
    </ClInclude>
    <ClInclude Include="..\frpcpool.h">
      <Filter>Header Files</Filter>
    </ClInclude>
    <ClInclude Include="..\frpcprotocolerror.h">
      <Filter>Header Files</Filter>
    </ClInclude>
    <ClInclude Include="..\frpcresponseerror.h">
      <Filter>Header Files</Filter>
    </ClInclude>
    <ClInclude Include="..\frpcserver.h">
      <Filter>Header Files</Filter>
    </ClInclude>
    <ClInclude Include="..\frpcserverproxy.h">
      <Filter>Header Files</Filter>
    </ClInclude>
    <ClInclude Include="..\frpcsocket.h">
      <Filter>Header Files</Filter>
    </ClInclude>
    <ClInclude Include="..\frpcsocketunix.h">
      <Filter>Header Files</Filter>
    </ClInclude>
    <ClInclude Include="..\frpcsocketwin.h">
      <Filter>Header Files</Filter>
    </ClInclude>
    <ClInclude Include="..\frpcstreamerror.h">
      <Filter>Header Files</Filter>
    </ClInclude>
    <ClInclude Include="..\frpcstring.h">
      <Filter>Header Files</Filter>
    </ClInclude>
    <ClInclude Include="..\frpcstruct.h">
      <Filter>Header Files</Filter>
    </ClInclude>
    <ClInclude Include="..\frpctreebuilder.h">
      <Filter>Header Files</Filter>
    </ClInclude>
    <ClInclude Include="..\frpctreefeeder.h">
      <Filter>Header Files</Filter>
    </ClInclude>
    <ClInclude Include="..\frpctypeerror.h">
      <Filter>Header Files</Filter>
    </ClInclude>
    <ClInclude Include="..\frpcunmarshaller.h">
      <Filter>Header Files</Filter>
    </ClInclude>
    <ClInclude Include="..\frpcvalue.h">
      <Filter>Header Files</Filter>
    </ClInclude>
    <ClInclude Include="..\frpcwriter.h">
      <Filter>Header Files</Filter>
    </ClInclude>
    <ClInclude Include="..\frpcxmlmarshaller.h">
      <Filter>Header Files</Filter>
    </ClInclude>
    <ClInclude Include="..\frpcxmlunmarshaller.h">
      <Filter>Header Files</Filter>
    </ClInclude>
    <ClInclude Include="Include\netinet\in.h">
      <Filter>Win32 Header Files</Filter>
    </ClInclude>
    <ClInclude Include="Include\arpa\inet.h">
      <Filter>Win32 Header Files</Filter>
    </ClInclude>
    <ClInclude Include="Include\netdb.h">
      <Filter>Win32 Header Files</Filter>
    </ClInclude>
    <ClInclude Include="Include\sys\select.h">
      <Filter>Win32 Header Files</Filter>
    </ClInclude>
    <ClInclude Include="Include\sys\socket.h">
      <Filter>Win32 Header Files</Filter>
    </ClInclude>
    <ClInclude Include="stdafx.h">
      <Filter>Win32 Header Files</Filter>
    </ClInclude>
    <ClInclude Include="Include\strstream.h">
      <Filter>Win32 Header Files</Filter>
    </ClInclude>
    <ClInclude Include="Include\netinet\tcp.h">
      <Filter>Win32 Header Files</Filter>
    </ClInclude>
    <ClInclude Include="Include\sys\time.h">
      <Filter>Win32 Header Files</Filter>
    </ClInclude>
    <ClInclude Include="Include\unistd.h">
      <Filter>Win32 Header Files</Filter>
    </ClInclude>
  </ItemGroup>
</Project>